
Microsoft Visual Studio Solution File, Format Version 12.00
# Visual Studio Version 17
VisualStudioVersion = 17.5.33516.290
MinimumVisualStudioVersion = 10.0.40219.1
Project("{FAE04EC0-301F-11D3-BF4B-00C04F79EFBC}") = "Media-Player-using-CSharp", "Media-Player-using-CSharp\Media-Player-using-CSharp.csproj", "{84B85B9B-D279-4DD6-9549-9BEF6B858A0E}"
EndProject
Global
	GlobalSection(SolutionConfigurationPlatforms) = preSolution
		Debug|Any CPU = Debug|Any CPU
		Release|Any CPU = Release|Any CPU
	EndGlobalSection
	GlobalSection(ProjectConfigurationPlatforms) = postSolution
		{84B85B9B-D279-4DD6-9549-9BEF6B858A0E}.Debug|Any CPU.ActiveCfg = Debug|Any CPU
		{84B85B9B-D279-4DD6-9549-9BEF6B858A0E}.Debug|Any CPU.Build.0 = Debug|Any CPU
		{84B85B9B-D279-4DD6-9549-9BEF6B858A0E}.Release|Any CPU.ActiveCfg = Release|Any CPU
		{84B85B9B-D279-4DD6-9549-9BEF6B858A0E}.Release|Any CPU.Build.0 = Release|Any CPU
	EndGlobalSection
	GlobalSection(SolutionProperties) = preSolution
		HideSolutionNode = FALSE
	EndGlobalSection
	GlobalSection(ExtensibilityGlobals) = postSolution
		SolutionGuid = {3B5069D9-2EFC-445A-9B01-6321484EC78F}
	EndGlobalSection
EndGlobal
